
Microsoft Visual Studio Solution File, Format Version 12.00
# Visual Studio Version 17
VisualStudioVersion = 17.12.35527.113 d17.12
MinimumVisualStudioVersion = 10.0.40219.1
Project("{FAE04EC0-301F-11D3-BF4B-00C04F79EFBC}") = "eCommerce.API", "eCommerce.API\eCommerce.API.csproj", "{B2D5C251-46E2-477E-8D38-6FFBDC3EBD5C}"
EndProject
Project("{FAE04EC0-301F-11D3-BF4B-00C04F79EFBC}") = "eCommerce.Infraestructure", "eCommerce.Infraestructure\eCommerce.Infraestructure.csproj", "{0813A16F-7990-459D-BE5C-4EDE1DEB4438}"
EndProject
Project("{FAE04EC0-301F-11D3-BF4B-00C04F79EFBC}") = "eCommerce.Core", "eCommerce.Core\eCommerce.Core.csproj", "{0565ACAF-2BB5-4862-8767-A80FCE8FE192}"
EndProject
Global
	GlobalSection(SolutionConfigurationPlatforms) = preSolution
		Debug|Any CPU = Debug|Any CPU
		Release|Any CPU = Release|Any CPU
	EndGlobalSection
	GlobalSection(ProjectConfigurationPlatforms) = postSolution
		{B2D5C251-46E2-477E-8D38-6FFBDC3EBD5C}.Debug|Any CPU.ActiveCfg = Debug|Any CPU
		{B2D5C251-46E2-477E-8D38-6FFBDC3EBD5C}.Debug|Any CPU.Build.0 = Debug|Any CPU
		{B2D5C251-46E2-477E-8D38-6FFBDC3EBD5C}.Release|Any CPU.ActiveCfg = Release|Any CPU
		{B2D5C251-46E2-477E-8D38-6FFBDC3EBD5C}.Release|Any CPU.Build.0 = Release|Any CPU
		{0813A16F-7990-459D-BE5C-4EDE1DEB4438}.Debug|Any CPU.ActiveCfg = Debug|Any CPU
		{0813A16F-7990-459D-BE5C-4EDE1DEB4438}.Debug|Any CPU.Build.0 = Debug|Any CPU
		{0813A16F-7990-459D-BE5C-4EDE1DEB4438}.Release|Any CPU.ActiveCfg = Release|Any CPU
		{0813A16F-7990-459D-BE5C-4EDE1DEB4438}.Release|Any CPU.Build.0 = Release|Any CPU
		{0565ACAF-2BB5-4862-8767-A80FCE8FE192}.Debug|Any CPU.ActiveCfg = Debug|Any CPU
		{0565ACAF-2BB5-4862-8767-A80FCE8FE192}.Debug|Any CPU.Build.0 = Debug|Any CPU
		{0565ACAF-2BB5-4862-8767-A80FCE8FE192}.Release|Any CPU.ActiveCfg = Release|Any CPU
		{0565ACAF-2BB5-4862-8767-A80FCE8FE192}.Release|Any CPU.Build.0 = Release|Any CPU
	EndGlobalSection
	GlobalSection(SolutionProperties) = preSolution
		HideSolutionNode = FALSE
	EndGlobalSection
EndGlobal
